
Microsoft Visual Studio Solution File, Format Version 12.00
# Visual Studio Version 16
VisualStudioVersion = 16.0.31321.278
MinimumVisualStudioVersion = 10.0.40219.1
Project("{9A19103F-16F7-4668-BE54-9A1E7A4F7556}") = "Adventure", "Adventure\Adventure.csproj", "{F3DD7A9B-10FC-491F-A505-808DE6ABA1F2}"
EndProject
Project("{9A19103F-16F7-4668-BE54-9A1E7A4F7556}") = "Adventure.Commom", "Adventure.Commom\Adventure.Commom.csproj", "{66F9C433-5BC8-45A9-9A3A-732FF7A05D76}"
EndProject
Project("{9A19103F-16F7-4668-BE54-9A1E7A4F7556}") = "Adventure.Services", "Adventure.Services\Adventure.Services.csproj", "{4569C296-DA13-4A9A-8C6E-6D195D63C3F6}"
EndProject
Project("{FAE04EC0-301F-11D3-BF4B-00C04F79EFBC}") = "Adventure.Data", "Adventure.Data\Adventure.Data.csproj", "{938C7A0B-811C-4257-A7A9-3C700CE46EE0}"
EndProject
Global
	GlobalSection(SolutionConfigurationPlatforms) = preSolution
		Debug|Any CPU = Debug|Any CPU
		Release|Any CPU = Release|Any CPU
	EndGlobalSection
	GlobalSection(ProjectConfigurationPlatforms) = postSolution
		{F3DD7A9B-10FC-491F-A505-808DE6ABA1F2}.Debug|Any CPU.ActiveCfg = Debug|Any CPU
		{F3DD7A9B-10FC-491F-A505-808DE6ABA1F2}.Debug|Any CPU.Build.0 = Debug|Any CPU
		{F3DD7A9B-10FC-491F-A505-808DE6ABA1F2}.Release|Any CPU.ActiveCfg = Release|Any CPU
		{F3DD7A9B-10FC-491F-A505-808DE6ABA1F2}.Release|Any CPU.Build.0 = Release|Any CPU
		{66F9C433-5BC8-45A9-9A3A-732FF7A05D76}.Debug|Any CPU.ActiveCfg = Debug|Any CPU
		{66F9C433-5BC8-45A9-9A3A-732FF7A05D76}.Debug|Any CPU.Build.0 = Debug|Any CPU
		{66F9C433-5BC8-45A9-9A3A-732FF7A05D76}.Release|Any CPU.ActiveCfg = Release|Any CPU
		{66F9C433-5BC8-45A9-9A3A-732FF7A05D76}.Release|Any CPU.Build.0 = Release|Any CPU
		{4569C296-DA13-4A9A-8C6E-6D195D63C3F6}.Debug|Any CPU.ActiveCfg = Debug|Any CPU
		{4569C296-DA13-4A9A-8C6E-6D195D63C3F6}.Debug|Any CPU.Build.0 = Debug|Any CPU
		{4569C296-DA13-4A9A-8C6E-6D195D63C3F6}.Release|Any CPU.ActiveCfg = Release|Any CPU
		{4569C296-DA13-4A9A-8C6E-6D195D63C3F6}.Release|Any CPU.Build.0 = Release|Any CPU
		{938C7A0B-811C-4257-A7A9-3C700CE46EE0}.Debug|Any CPU.ActiveCfg = Debug|Any CPU
		{938C7A0B-811C-4257-A7A9-3C700CE46EE0}.Debug|Any CPU.Build.0 = Debug|Any CPU
		{938C7A0B-811C-4257-A7A9-3C700CE46EE0}.Release|Any CPU.ActiveCfg = Release|Any CPU
		{938C7A0B-811C-4257-A7A9-3C700CE46EE0}.Release|Any CPU.Build.0 = Release|Any CPU
	EndGlobalSection
	GlobalSection(SolutionProperties) = preSolution
		HideSolutionNode = FALSE
	EndGlobalSection
	GlobalSection(ExtensibilityGlobals) = postSolution
		SolutionGuid = {5EC109DD-255E-4976-824B-F50BBACF98A2}
	EndGlobalSection
EndGlobal
